{
  "version": "4",
  "specifiers": {
    "jsr:@std/assert@1": "1.0.6",
    "jsr:@std/assert@^1.0.6": "1.0.6",
    "jsr:@std/async@^1.0.5": "1.0.7",
    "jsr:@std/data-structures@^1.0.4": "1.0.4",
    "jsr:@std/expect@^1.0.6": "1.0.6",
    "jsr:@std/fs@^1.0.4": "1.0.5",
    "jsr:@std/internal@^1.0.4": "1.0.4",
    "jsr:@std/path@^1.0.6": "1.0.7",
    "jsr:@std/path@^1.0.7": "1.0.7",
    "jsr:@std/testing@^1.0.3": "1.0.3",
    "npm:@plandek-utils/ts-parse-dayjs@^5.1.0": "5.1.0",
    "npm:@types/lodash-es@*": "4.17.12",
    "npm:@types/lodash-es@^4.17.12": "4.17.12",
    "npm:lodash-es@^4.17.21": "4.17.21"
  },
  "jsr": {
    "@std/assert@1.0.6": {
      "integrity": "1904c05806a25d94fe791d6d883b685c9e2dcd60e4f9fc30f4fc5cf010c72207",
      "dependencies": [
        "jsr:@std/internal"
      ]
    },
    "@std/async@1.0.7": {
      "integrity": "f4fadc0124432e37cba11e8b3880164661a664de00a65118d976848f32f96290"
    },
    "@std/data-structures@1.0.4": {
      "integrity": "fa0e20c11eb9ba673417450915c750a0001405a784e2a4e0c3725031681684a0"
    },
    "@std/expect@1.0.6": {
      "integrity": "dffba969ca5ea6d7c39338d4985c9af2bfa6e080c710cc2b77756dd7657c369c",
      "dependencies": [
        "jsr:@std/assert@^1.0.6",
        "jsr:@std/internal"
      ]
    },
    "@std/fs@1.0.5": {
      "integrity": "41806ad6823d0b5f275f9849a2640d87e4ef67c51ee1b8fb02426f55e02fd44e",
      "dependencies": [
        "jsr:@std/path@^1.0.7"
      ]
    },
    "@std/internal@1.0.4": {
      "integrity": "62e8e4911527e5e4f307741a795c0b0a9e6958d0b3790716ae71ce085f755422"
    },
    "@std/path@1.0.7": {
      "integrity": "76a689e07f0e15dcc6002ec39d0866797e7156629212b28f27179b8a5c3b33a1"
    },
    "@std/testing@1.0.3": {
      "integrity": "f98c2bee53860a5916727d7e7d3abe920dd6f9edace022e2d059f00d05c2cf42",
      "dependencies": [
        "jsr:@std/assert@^1.0.6",
        "jsr:@std/async",
        "jsr:@std/data-structures",
        "jsr:@std/fs",
        "jsr:@std/internal",
        "jsr:@std/path@^1.0.6"
      ]
    }
  },
  "npm": {
    "@plandek-utils/ts-parse-dayjs@5.1.0": {
      "integrity": "sha512-pUGSIs75EENVP2gFTfLxmuVX45oQMpTxGbnLMnPdGI1HLf3EEfFjzGDhsx27NbKEEve88r7N3JIqoepUjEv0og==",
      "dependencies": [
        "dayjs",
        "lodash"
      ]
    },
    "@types/lodash-es@4.17.12": {
      "integrity": "sha512-0NgftHUcV4v34VhXm8QBSftKVXtbkBG3ViCjs6+eJ5a6y6Mi/jiFGPc1sC7QK+9BFhWrURE3EOggmWaSxL9OzQ==",
      "dependencies": [
        "@types/lodash"
      ]
    },
    "@types/lodash@4.17.12": {
      "integrity": "sha512-sviUmCE8AYdaF/KIHLDJBQgeYzPBI0vf/17NaYehBJfYD1j6/L95Slh07NlyK2iNyBNaEkb3En2jRt+a8y3xZQ=="
    },
    "dayjs@1.11.13": {
      "integrity": "sha512-oaMBel6gjolK862uaPQOVTA7q3TZhuSvuMQAAglQDOWYO9A91IrAOUJEyKVlqJlHE0vq5p5UXxzdPfMH/x6xNg=="
    },
    "lodash-es@4.17.21": {
      "integrity": "sha512-mKnC+QJ9pWVzv+C4/U3rRsHapFfHvQFoFB92e52xeyGMcX6/OlIl78je1u8vePzYZSkkogMPJ2yjxxsb89cxyw=="
    },
    "lodash@4.17.21": {
      "integrity": "sha512-v2kDEe57lecTulaDIuNTPy3Ry4gLGJ6Z1O3vE1krgXZNrsQ+LFTGHVxVjcXPs17LhbZVGedAJv8XZ1tvj5FvSg=="
    }
  },
  "workspace": {
    "dependencies": [
      "jsr:@std/assert@1",
      "jsr:@std/expect@^1.0.6",
      "jsr:@std/testing@^1.0.3",
      "npm:@plandek-utils/ts-parse-dayjs@^5.1.0",
      "npm:@types/lodash-es@^4.17.12",
      "npm:lodash-es@^4.17.21"
    ],
    "packageJson": {
      "dependencies": [
        "npm:@plandek-utils/ts-parse-dayjs@^5.1.0",
        "npm:lodash-es@^4.17.21"
      ]
    }
  }
}
